Microsoft Visual Studio Solution File, Format Version 7.00
Project("{8BC9CEB8-8B4A-11D0-8D11-00A0C91BC942}") = "NetworkStack", "NetworkStack.vcproj", "{7EDA31F0-3FA6-4E63-BE96-204B9BDE1736}"
EndProject
Global
	GlobalSection(SolutionConfiguration) = preSolution
		ConfigName.0 = Debug
		ConfigName.1 = Release
	EndGlobalSection
	GlobalSection(ProjectDependencies) = postSolution
	EndGlobalSection
	GlobalSection(ProjectConfiguration) = postSolution
		{7EDA31F0-3FA6-4E63-BE96-204B9BDE1736}.Debug.ActiveCfg = Debug|Win32
		{7EDA31F0-3FA6-4E63-BE96-204B9BDE1736}.Debug.Build.0 = Debug|Win32
		{7EDA31F0-3FA6-4E63-BE96-204B9BDE1736}.Release.ActiveCfg = Release|Win32
		{7EDA31F0-3FA6-4E63-BE96-204B9BDE1736}.Release.Build.0 = Release|Win32
	EndGlobalSection
	GlobalSection(ExtensibilityGlobals) = postSolution
	EndGlobalSection
	GlobalSection(ExtensibilityAddIns) = postSolution
	EndGlobalSection
EndGlobal
